
Microsoft Visual Studio Solution File, Format Version 12.00
# Visual Studio Version 17
VisualStudioVersion = 17.8.34330.188
MinimumVisualStudioVersion = 10.0.40219.1
Project("{9A19103F-16F7-4668-BE54-9A1E7A4F7556}") = "Workaround", "Workaround\Workaround.csproj", "{895F8BFE-89D2-4DB5-9CC4-73514F105004}"
EndProject
Project("{FAE04EC0-301F-11D3-BF4B-00C04F79EFBC}") = "Entities", "Entities\Entities.csproj", "{62584823-4A09-49F2-8A63-BD45D5F69367}"
EndProject
Project("{FAE04EC0-301F-11D3-BF4B-00C04F79EFBC}") = "Business", "Business\Business.csproj", "{9FD0F8A5-1ADA-4D7F-9D1A-8D5C96D35A4E}"
EndProject
Global
	GlobalSection(SolutionConfigurationPlatforms) = preSolution
		Debug|Any CPU = Debug|Any CPU
		Release|Any CPU = Release|Any CPU
	EndGlobalSection
	GlobalSection(ProjectConfigurationPlatforms) = postSolution
		{895F8BFE-89D2-4DB5-9CC4-73514F105004}.Debug|Any CPU.ActiveCfg = Debug|Any CPU
		{895F8BFE-89D2-4DB5-9CC4-73514F105004}.Debug|Any CPU.Build.0 = Debug|Any CPU
		{895F8BFE-89D2-4DB5-9CC4-73514F105004}.Release|Any CPU.ActiveCfg = Release|Any CPU
		{895F8BFE-89D2-4DB5-9CC4-73514F105004}.Release|Any CPU.Build.0 = Release|Any CPU
		{62584823-4A09-49F2-8A63-BD45D5F69367}.Debug|Any CPU.ActiveCfg = Debug|Any CPU
		{62584823-4A09-49F2-8A63-BD45D5F69367}.Debug|Any CPU.Build.0 = Debug|Any CPU
		{62584823-4A09-49F2-8A63-BD45D5F69367}.Release|Any CPU.ActiveCfg = Release|Any CPU
		{62584823-4A09-49F2-8A63-BD45D5F69367}.Release|Any CPU.Build.0 = Release|Any CPU
		{9FD0F8A5-1ADA-4D7F-9D1A-8D5C96D35A4E}.Debug|Any CPU.ActiveCfg = Debug|Any CPU
		{9FD0F8A5-1ADA-4D7F-9D1A-8D5C96D35A4E}.Debug|Any CPU.Build.0 = Debug|Any CPU
		{9FD0F8A5-1ADA-4D7F-9D1A-8D5C96D35A4E}.Release|Any CPU.ActiveCfg = Release|Any CPU
		{9FD0F8A5-1ADA-4D7F-9D1A-8D5C96D35A4E}.Release|Any CPU.Build.0 = Release|Any CPU
	EndGlobalSection
	GlobalSection(SolutionProperties) = preSolution
		HideSolutionNode = FALSE
	EndGlobalSection
	GlobalSection(ExtensibilityGlobals) = postSolution
		SolutionGuid = {7721E56C-B91D-4AEA-8C74-2C3BB7B11C23}
	EndGlobalSection
EndGlobal
